// !$*UTF8*$!
{
	archiveVersion = 1;
	classes = {
	};
	objectVersion = 50;
	objects = {

/* Begin PBXBuildFile section */
		6D0F519E2228D35800DAE835 /* AppDelegate.swift in Sources */ = {isa = PBXBuildFile; fileRef = 6D0F519D2228D35800DAE835 /* AppDelegate.swift */; };
		6D0F51A32228D35800DAE835 /* Main.storyboard in Resources */ = {isa = PBXBuildFile; fileRef = 6D0F51A12228D35800DAE835 /* Main.storyboard */; };
		6D0F51A52228D35E00DAE835 /* Assets.xcassets in Resources */ = {isa = PBXBuildFile; fileRef = 6D0F51A42228D35E00DAE835 /* Assets.xcassets */; };
		6D0F51A82228D35E00DAE835 /* LaunchScreen.storyboard in Resources */ = {isa = PBXBuildFile; fileRef = 6D0F51A62228D35E00DAE835 /* LaunchScreen.storyboard */; };
		6D0F51B32228D35F00DAE835 /* TeleprompterTests.swift in Sources */ = {isa = PBXBuildFile; fileRef = 6D0F51B22228D35F00DAE835 /* TeleprompterTests.swift */; };
		6D0F51BE2228D35F00DAE835 /* TeleprompterUITests.swift in Sources */ = {isa = PBXBuildFile; fileRef = 6D0F51BD2228D35F00DAE835 /* TeleprompterUITests.swift */; };
		6D0F51CC2228D38600DAE835 /* TeleprompterViewController.swift in Sources */ = {isa = PBXBuildFile; fileRef = 6D0F51CB2228D38600DAE835 /* TeleprompterViewController.swift */; };
/* End PBXBuildFile section */

/* Begin PBXContainerItemProxy section */
		6D0F51AF2228D35F00DAE835 /* PBXContainerItemProxy */ = {
			isa = PBXContainerItemProxy;
			containerPortal = 6D0F51922228D35800DAE835 /* Project object */;
			proxyType = 1;
			remoteGlobalIDString = 6D0F51992228D35800DAE835;
			remoteInfo = Teleprompter;
		};
		6D0F51BA2228D35F00DAE835 /* PBXContainerItemProxy */ = {
			isa = PBXContainerItemProxy;
			containerPortal = 6D0F51922228D35800DAE835 /* Project object */;
			proxyType = 1;
			remoteGlobalIDString = 6D0F51992228D35800DAE835;
			remoteInfo = Teleprompter;
		};
/* End PBXContainerItemProxy section */

/* Begin PBXFileReference section */
		6D0F519A2228D35800DAE835 /* Teleprompter.app */ = {isa = PBXFileReference; explicitFileType = wrapper.application; includeInIndex = 0; path = Teleprompter.app; sourceTree = BUILT_PRODUCTS_DIR; };
		6D0F519D2228D35800DAE835 /* AppDelegate.swift */ = {isa = PBXFileReference; lastKnownFileType = sourcecode.swift; path = AppDelegate.swift; sourceTree = "<group>"; };
		6D0F51A22228D35800DAE835 /* Base */ = {isa = PBXFileReference; lastKnownFileType = file.storyboard; name = Base; path = Base.lproj/Main.storyboard; sourceTree = "<group>"; };
		6D0F51A42228D35E00DAE835 /* Assets.xcassets */ = {isa = PBXFileReference; lastKnownFileType = folder.assetcatalog; path = Assets.xcassets; sourceTree = "<group>"; };
		6D0F51A72228D35E00DAE835 /* Base */ = {isa = PBXFileReference; lastKnownFileType = file.storyboard; name = Base; path = Base.lproj/LaunchScreen.storyboard; sourceTree = "<group>"; };
		6D0F51A92228D35E00DAE835 /* Info.plist */ = {isa = PBXFileReference; lastKnownFileType = text.plist.xml; path = Info.plist; sourceTree = "<group>"; };
		6D0F51AE2228D35F00DAE835 /* TeleprompterTests.xctest */ = {isa = PBXFileReference; explicitFileType = wrapper.cfbundle; includeInIndex = 0; path = TeleprompterTests.xctest; sourceTree = BUILT_PRODUCTS_DIR; };
		6D0F51B22228D35F00DAE835 /* TeleprompterTests.swift */ = {isa = PBXFileReference; lastKnownFileType = sourcecode.swift; path = TeleprompterTests.swift; sourceTree = "<group>"; };
		6D0F51B42228D35F00DAE835 /* Info.plist */ = {isa = PBXFileReference; lastKnownFileType = text.plist.xml; path = Info.plist; sourceTree = "<group>"; };
		6D0F51B92228D35F00DAE835 /* TeleprompterUITests.xctest */ = {isa = PBXFileReference; explicitFileType = wrapper.cfbundle; includeInIndex = 0; path = TeleprompterUITests.xctest; sourceTree = BUILT_PRODUCTS_DIR; };
		6D0F51BD2228D35F00DAE835 /* TeleprompterUITests.swift */ = {isa = PBXFileReference; lastKnownFileType = sourcecode.swift; path = TeleprompterUITests.swift; sourceTree = "<group>"; };
		6D0F51BF2228D35F00DAE835 /* Info.plist */ = {isa = PBXFileReference; lastKnownFileType = text.plist.xml; path = Info.plist; sourceTree = "<group>"; };
		6D0F51CB2228D38600DAE835 /* TeleprompterViewController.swift */ = {isa = PBXFileReference; lastKnownFileType = sourcecode.swift; path = TeleprompterViewController.swift; sourceTree = "<group>"; };
/* End PBXFileReference section */

/* Begin PBXFrameworksBuildPhase section */
		6D0F51972228D35800DAE835 /* Frameworks */ = {
			isa = PBXFrameworksBuildPhase;
			buildActionMask = 2147483647;
			files = (
			);
			runOnlyForDeploymentPostprocessing = 0;
		};
		6D0F51AB2228D35F00DAE835 /* Frameworks */ = {
			isa = PBXFrameworksBuildPhase;
			buildActionMask = 2147483647;
			files = (
			);
			runOnlyForDeploymentPostprocessing = 0;
		};
		6D0F51B62228D35F00DAE835 /* Frameworks */ = {
			isa = PBXFrameworksBuildPhase;
			buildActionMask = 2147483647;
			files = (
			);
			runOnlyForDeploymentPostprocessing = 0;
		};
/* End PBXFrameworksBuildPhase section */

/* Begin PBXGroup section */
		6D0F51912228D35800DAE835 = {
			isa = PBXGroup;
			children = (
				6D0F519C2228D35800DAE835 /* Teleprompter */,
				6D0F51B12228D35F00DAE835 /* TeleprompterTests */,
				6D0F51BC2228D35F00DAE835 /* TeleprompterUITests */,
				6D0F519B2228D35800DAE835 /* Products */,
			);
			sourceTree = "<group>";
		};
		6D0F519B2228D35800DAE835 /* Products */ = {
			isa = PBXGroup;
			children = (
				6D0F519A2228D35800DAE835 /* Teleprompter.app */,
				6D0F51AE2228D35F00DAE835 /* TeleprompterTests.xctest */,
				6D0F51B92228D35F00DAE835 /* TeleprompterUITests.xctest */,
			);
			name = Products;
			sourceTree = "<group>";
		};
		6D0F519C2228D35800DAE835 /* Teleprompter */ = {
			isa = PBXGroup;
			children = (
				6D0F51CB2228D38600DAE835 /* TeleprompterViewController.swift */,
				6D0F519D2228D35800DAE835 /* AppDelegate.swift */,
				6D0F51A12228D35800DAE835 /* Main.storyboard */,
				6D0F51A42228D35E00DAE835 /* Assets.xcassets */,
				6D0F51A62228D35E00DAE835 /* LaunchScreen.storyboard */,
				6D0F51A92228D35E00DAE835 /* Info.plist */,
			);
			path = Teleprompter;
			sourceTree = "<group>";
		};
		6D0F51B12228D35F00DAE835 /* TeleprompterTests */ = {
			isa = PBXGroup;
			children = (
				6D0F51B22228D35F00DAE835 /* TeleprompterTests.swift */,
				6D0F51B42228D35F00DAE835 /* Info.plist */,
			);
			path = TeleprompterTests;
			sourceTree = "<group>";
		};
		6D0F51BC2228D35F00DAE835 /* TeleprompterUITests */ = {
			isa = PBXGroup;
			children = (
				6D0F51BD2228D35F00DAE835 /* TeleprompterUITests.swift */,
				6D0F51BF2228D35F00DAE835 /* Info.plist */,
			);
			path = TeleprompterUITests;
			sourceTree = "<group>";
		};
/* End PBXGroup section */

/* Begin PBXNativeTarget section */
		6D0F51992228D35800DAE835 /* Teleprompter */ = {
			isa = PBXNativeTarget;
			buildConfigurationList = 6D0F51C22228D35F00DAE835 /* Build configuration list for PBXNativeTarget "Teleprompter" */;
			buildPhases = (
				6D0F51962228D35800DAE835 /* Sources */,
				6D0F51972228D35800DAE835 /* Frameworks */,
				6D0F51982228D35800DAE835 /* Resources */,
			);
			buildRules = (
			);
			dependencies = (
			);
			name = Teleprompter;
			productName = Teleprompter;
			productReference = 6D0F519A2228D35800DAE835 /* Teleprompter.app */;
			productType = "com.apple.product-type.application";
		};
		6D0F51AD2228D35F00DAE835 /* TeleprompterTests */ = {
			isa = PBXNativeTarget;
			buildConfigurationList = 6D0F51C52228D35F00DAE835 /* Build configuration list for PBXNativeTarget "TeleprompterTests" */;
			buildPhases = (
				6D0F51AA2228D35F00DAE835 /* Sources */,
				6D0F51AB2228D35F00DAE835 /* Frameworks */,
				6D0F51AC2228D35F00DAE835 /* Resources */,
			);
			buildRules = (
			);
			dependencies = (
				6D0F51B02228D35F00DAE835 /* PBXTargetDependency */,
			);
			name = TeleprompterTests;
			productName = TeleprompterTests;
			productReference = 6D0F51AE2228D35F00DAE835 /* TeleprompterTests.xctest */;
			productType = "com.apple.product-type.bundle.unit-test";
		};
		6D0F51B82228D35F00DAE835 /* TeleprompterUITests */ = {
			isa = PBXNativeTarget;
			buildConfigurationList = 6D0F51C82228D35F00DAE835 /* Build configuration list for PBXNativeTarget "TeleprompterUITests" */;
			buildPhases = (
				6D0F51B52228D35F00DAE835 /* Sources */,
				6D0F51B62228D35F00DAE835 /* Frameworks */,
				6D0F51B72228D35F00DAE835 /* Resources */,
			);
			buildRules = (
			);
			dependencies = (
				6D0F51BB2228D35F00DAE835 /* PBXTargetDependency */,
			);
			name = TeleprompterUITests;
			productName = TeleprompterUITests;
			productReference = 6D0F51B92228D35F00DAE835 /* TeleprompterUITests.xctest */;
			productType = "com.apple.product-type.bundle.ui-testing";
		};
/* End PBXNativeTarget section */

/* Begin PBXProject section */
		6D0F51922228D35800DAE835 /* Project object */ = {
			isa = PBXProject;
			attributes = {
				LastSwiftUpdateCheck = 1010;
				LastUpgradeCheck = 1010;
				ORGANIZATIONNAME = "Liam Flaherty";
				TargetAttributes = {
					6D0F51992228D35800DAE835 = {
						CreatedOnToolsVersion = 10.1;
					};
					6D0F51AD2228D35F00DAE835 = {
						CreatedOnToolsVersion = 10.1;
						TestTargetID = 6D0F51992228D35800DAE835;
					};
					6D0F51B82228D35F00DAE835 = {
						CreatedOnToolsVersion = 10.1;
						TestTargetID = 6D0F51992228D35800DAE835;
					};
				};
			};
			buildConfigurationList = 6D0F51952228D35800DAE835 /* Build configuration list for PBXProject "Teleprompter" */;
			compatibilityVersion = "Xcode 9.3";
			developmentRegion = en;
			hasScannedForEncodings = 0;
			knownRegions = (
				en,
				Base,
			);
			mainGroup = 6D0F51912228D35800DAE835;
			productRefGroup = 6D0F519B2228D35800DAE835 /* Products */;
			projectDirPath = "";
			projectRoot = "";
			targets = (
				6D0F51992228D35800DAE835 /* Teleprompter */,
				6D0F51AD2228D35F00DAE835 /* TeleprompterTests */,
				6D0F51B82228D35F00DAE835 /* TeleprompterUITests */,
			);
		};
/* End PBXProject section */

/* Begin PBXResourcesBuildPhase section */
		6D0F51982228D35800DAE835 /* Resources */ = {
			isa = PBXResourcesBuildPhase;
			buildActionMask = 2147483647;
			files = (
				6D0F51A82228D35E00DAE835 /* LaunchScreen.storyboard in Resources */,
				6D0F51A52228D35E00DAE835 /* Assets.xcassets in Resources */,
				6D0F51A32228D35800DAE835 /* Main.storyboard in Resources */,
			);
			runOnlyForDeploymentPostprocessing = 0;
		};
		6D0F51AC2228D35F00DAE835 /* Resources */ = {
			isa = PBXResourcesBuildPhase;
			buildActionMask = 2147483647;
			files = (
			);
			runOnlyForDeploymentPostprocessing = 0;
		};
		6D0F51B72228D35F00DAE835 /* Resources */ = {
			isa = PBXResourcesBuildPhase;
			buildActionMask = 2147483647;
			files = (
			);
			runOnlyForDeploymentPostprocessing = 0;
		};
/* End PBXResourcesBuildPhase section */

/* Begin PBXSourcesBuildPhase section */
		6D0F51962228D35800DAE835 /* Sources */ = {
			isa = PBXSourcesBuildPhase;
			buildActionMask = 2147483647;
			files = (
				6D0F51CC2228D38600DAE835 /* TeleprompterViewController.swift in Sources */,
				6D0F519E2228D35800DAE835 /* AppDelegate.swift in Sources */,
			);
			runOnlyForDeploymentPostprocessing = 0;
		};
		6D0F51AA2228D35F00DAE835 /* Sources */ = {
			isa = PBXSourcesBuildPhase;
			buildActionMask = 2147483647;
			files = (
				6D0F51B32228D35F00DAE835 /* TeleprompterTests.swift in Sources */,
			);
			runOnlyForDeploymentPostprocessing = 0;
		};
		6D0F51B52228D35F00DAE835 /* Sources */ = {
			isa = PBXSourcesBuildPhase;
			buildActionMask = 2147483647;
			files = (
				6D0F51BE2228D35F00DAE835 /* TeleprompterUITests.swift in Sources */,
			);
			runOnlyForDeploymentPostprocessing = 0;
		};
/* End PBXSourcesBuildPhase section */

/* Begin PBXTargetDependency section */
		6D0F51B02228D35F00DAE835 /* PBXTargetDependency */ = {
			isa = PBXTargetDependency;
			target = 6D0F51992228D35800DAE835 /* Teleprompter */;
			targetProxy = 6D0F51AF2228D35F00DAE835 /* PBXContainerItemProxy */;
		};
		6D0F51BB2228D35F00DAE835 /* PBXTargetDependency */ = {
			isa = PBXTargetDependency;
			target = 6D0F51992228D35800DAE835 /* Teleprompter */;
			targetProxy = 6D0F51BA2228D35F00DAE835 /* PBXContainerItemProxy */;
		};
/* End PBXTargetDependency section */

/* Begin PBXVariantGroup section */
		6D0F51A12228D35800DAE835 /* Main.storyboard */ = {
			isa = PBXVariantGroup;
			children = (
				6D0F51A22228D35800DAE835 /* Base */,
			);
			name = Main.storyboard;
			sourceTree = "<group>";
		};
		6D0F51A62228D35E00DAE835 /* LaunchScreen.storyboard */ = {
			isa = PBXVariantGroup;
			children = (
				6D0F51A72228D35E00DAE835 /* Base */,
			);
			name = LaunchScreen.storyboard;
			sourceTree = "<group>";
		};
/* End PBXVariantGroup section */

/* Begin XCBuildConfiguration section */
		6D0F51C02228D35F00DAE835 /* Debug */ = {
			isa = XCBuildConfiguration;
			buildSettings = {
				ALWAYS_SEARCH_USER_PATHS = NO;
				CLANG_ANALYZER_NONNULL = YES;
				CLANG_ANALYZER_NUMBER_OBJECT_CONVERSION = YES_AGGRESSIVE;
				CLANG_CXX_LANGUAGE_STANDARD = "gnu++14";
				CLANG_CXX_LIBRARY = "libc++";
				CLANG_ENABLE_MODULES = YES;
				CLANG_ENABLE_OBJC_ARC = YES;
				CLANG_ENABLE_OBJC_WEAK = YES;
				CLANG_WARN_BLOCK_CAPTURE_AUTORELEASING = YES;
				CLANG_WARN_BOOL_CONVERSION = YES;
				CLANG_WARN_COMMA = YES;
				CLANG_WARN_CONSTANT_CONVERSION = YES;
				CLANG_WARN_DEPRECATED_OBJC_IMPLEMENTATIONS = YES;
				CLANG_WARN_DIRECT_OBJC_ISA_USAGE = YES_ERROR;
				CLANG_WARN_DOCUMENTATION_COMMENTS = YES;
				CLANG_WARN_EMPTY_BODY = YES;
				CLANG_WARN_ENUM_CONVERSION = YES;
				CLANG_WARN_INFINITE_RECURSION = YES;
				CLANG_WARN_INT_CONVERSION = YES;
				CLANG_WARN_NON_LITERAL_NULL_CONVERSION = YES;
				CLANG_WARN_OBJC_IMPLICIT_RETAIN_SELF = YES;
				CLANG_WARN_OBJC_LITERAL_CONVERSION = YES;
				CLANG_WARN_OBJC_ROOT_CLASS = YES_ERROR;
				CLANG_WARN_RANGE_LOOP_ANALYSIS = YES;
				CLANG_WARN_STRICT_PROTOTYPES = YES;
				CLANG_WARN_SUSPICIOUS_MOVE = YES;
				CLANG_WARN_UNGUARDED_AVAILABILITY = YES_AGGRESSIVE;
				CLANG_WARN_UNREACHABLE_CODE = YES;
				CLANG_WARN__DUPLICATE_METHOD_MATCH = YES;
				CODE_SIGN_IDENTITY = "iPhone Developer";
				COPY_PHASE_STRIP = NO;
				DEBUG_INFORMATION_FORMAT = dwarf;
				ENABLE_STRICT_OBJC_MSGSEND = YES;
				ENABLE_TESTABILITY = YES;
				GCC_C_LANGUAGE_STANDARD = gnu11;
				GCC_DYNAMIC_NO_PIC = NO;
				GCC_NO_COMMON_BLOCKS = YES;
				GCC_OPTIMIZATION_LEVEL = 0;
				GCC_PREPROCESSOR_DEFINITIONS = (
					"DEBUG=1",
					"$(inherited)",
				);
				GCC_WARN_64_TO_32_BIT_CONVERSION = YES;
				GCC_WARN_ABOUT_RETURN_TYPE = YES_ERROR;
				GCC_WARN_UNDECLARED_SELECTOR = YES;
				GCC_WARN_UNINITIALIZED_AUTOS = YES_AGGRESSIVE;
				GCC_WARN_UNUSED_FUNCTION = YES;
				GCC_WARN_UNUSED_VARIABLE = YES;
				IPHONEOS_DEPLOYMENT_TARGET = 12.1;
				MTL_ENABLE_DEBUG_INFO = INCLUDE_SOURCE;
				MTL_FAST_MATH = YES;
				ONLY_ACTIVE_ARCH = YES;
				SDKROOT = iphoneos;
				SWIFT_ACTIVE_COMPILATION_CONDITIONS = DEBUG;
				SWIFT_OPTIMIZATION_LEVEL = "-Onone";
			};
			name = Debug;
		};
		6D0F51C12228D35F00DAE835 /* Release */ = {
			isa = XCBuildConfiguration;
			buildSettings = {
				ALWAYS_SEARCH_USER_PATHS = NO;
				CLANG_ANALYZER_NONNULL = YES;
				CLANG_ANALYZER_NUMBER_OBJECT_CONVERSION = YES_AGGRESSIVE;
				CLANG_CXX_LANGUAGE_STANDARD = "gnu++14";
				CLANG_CXX_LIBRARY = "libc++";
				CLANG_ENABLE_MODULES = YES;
				CLANG_ENABLE_OBJC_ARC = YES;
				CLANG_ENABLE_OBJC_WEAK = YES;
				CLANG_WARN_BLOCK_CAPTURE_AUTORELEASING = YES;
				CLANG_WARN_BOOL_CONVERSION = YES;
				CLANG_WARN_COMMA = YES;
				CLANG_WARN_CONSTANT_CONVERSION = YES;
				CLANG_WARN_DEPRECATED_OBJC_IMPLEMENTATIONS = YES;
				CLANG_WARN_DIRECT_OBJC_ISA_USAGE = YES_ERROR;
				CLANG_WARN_DOCUMENTATION_COMMENTS = YES;
				CLANG_WARN_EMPTY_BODY = YES;
				CLANG_WARN_ENUM_CONVERSION = YES;
				CLANG_WARN_INFINITE_RECURSION = YES;
				CLANG_WARN_INT_CONVERSION = YES;
				CLANG_WARN_NON_LITERAL_NULL_CONVERSION = YES;
				CLANG_WARN_OBJC_IMPLICIT_RETAIN_SELF = YES;
				CLANG_WARN_OBJC_LITERAL_CONVERSION = YES;
				CLANG_WARN_OBJC_ROOT_CLASS = YES_ERROR;
				CLANG_WARN_RANGE_LOOP_ANALYSIS = YES;
				CLANG_WARN_STRICT_PROTOTYPES = YES;
				CLANG_WARN_SUSPICIOUS_MOVE = YES;
				CLANG_WARN_UNGUARDED_AVAILABILITY = YES_AGGRESSIVE;
				CLANG_WARN_UNREACHABLE_CODE = YES;
				CLANG_WARN__DUPLICATE_METHOD_MATCH = YES;
				CODE_SIGN_IDENTITY = "iPhone Developer";
				COPY_PHASE_STRIP = NO;
				DEBUG_INFORMATION_FORMAT = "dwarf-with-dsym";
				ENABLE_NS_ASSERTIONS = NO;
				ENABLE_STRICT_OBJC_MSGSEND = YES;
				GCC_C_LANGUAGE_STANDARD = gnu11;
				GCC_NO_COMMON_BLOCKS = YES;
				GCC_WARN_64_TO_32_BIT_CONVERSION = YES;
				GCC_WARN_ABOUT_RETURN_TYPE = YES_ERROR;
				GCC_WARN_UNDECLARED_SELECTOR = YES;
				GCC_WARN_UNINITIALIZED_AUTOS = YES_AGGRESSIVE;
				GCC_WARN_UNUSED_FUNCTION = YES;
				GCC_WARN_UNUSED_VARIABLE = YES;
				IPHONEOS_DEPLOYMENT_TARGET = 12.1;
				MTL_ENABLE_DEBUG_INFO = NO;
				MTL_FAST_MATH = YES;
				SDKROOT = iphoneos;
				SWIFT_COMPILATION_MODE = wholemodule;
				SWIFT_OPTIMIZATION_LEVEL = "-O";
				VALIDATE_PRODUCT = YES;
			};
			name = Release;
		};
		6D0F51C32228D35F00DAE835 /* Debug */ = {
			isa = XCBuildConfiguration;
			buildSettings = {
				ASSETCATALOG_COMPILER_APPICON_NAME = AppIcon;
				CODE_SIGN_STYLE = Automatic;
				INFOPLIST_FILE = Teleprompter/Info.plist;
				LD_RUNPATH_SEARCH_PATHS = (
					"$(inherited)",
					"@executable_path/Frameworks",
				);
				PRODUCT_BUNDLE_IDENTIFIER = "Infotech-4425.Teleprompter";
				PRODUCT_NAME = "$(TARGET_NAME)";
				SWIFT_VERSION = 4.2;
				TARGETED_DEVICE_FAMILY = "1,2";
			};
			name = Debug;
		};
		6D0F51C42228D35F00DAE835 /* Release */ = {
			isa = XCBuildConfiguration;
			buildSettings = {
				ASSETCATALOG_COMPILER_APPICON_NAME = AppIcon;
				CODE_SIGN_STYLE = Automatic;
				INFOPLIST_FILE = Teleprompter/Info.plist;
				LD_RUNPATH_SEARCH_PATHS = (
					"$(inherited)",
					"@executable_path/Frameworks",
				);
				PRODUCT_BUNDLE_IDENTIFIER = "Infotech-4425.Teleprompter";
				PRODUCT_NAME = "$(TARGET_NAME)";
				SWIFT_VERSION = 4.2;
				TARGETED_DEVICE_FAMILY = "1,2";
			};
			name = Release;
		};
		6D0F51C62228D35F00DAE835 /* Debug */ = {
			isa = XCBuildConfiguration;
			buildSettings = {
				ALWAYS_EMBED_SWIFT_STANDARD_LIBRARIES = YES;
				BUNDLE_LOADER = "$(TEST_HOST)";
				CODE_SIGN_STYLE = Automatic;
				INFOPLIST_FILE = TeleprompterTests/Info.plist;
				LD_RUNPATH_SEARCH_PATHS = (
					"$(inherited)",
					"@executable_path/Frameworks",
					"@loader_path/Frameworks",
				);
				PRODUCT_BUNDLE_IDENTIFIER = "Infotech-4425.TeleprompterTests";
				PRODUCT_NAME = "$(TARGET_NAME)";
				SWIFT_VERSION = 4.2;
				TARGETED_DEVICE_FAMILY = "1,2";
				TEST_HOST = "$(BUILT_PRODUCTS_DIR)/Teleprompter.app/Teleprompter";
			};
			name = Debug;
		};
		6D0F51C72228D35F00DAE835 /* Release */ = {
			isa = XCBuildConfiguration;
			buildSettings = {
				ALWAYS_EMBED_SWIFT_STANDARD_LIBRARIES = YES;
				BUNDLE_LOADER = "$(TEST_HOST)";
				CODE_SIGN_STYLE = Automatic;
				INFOPLIST_FILE = TeleprompterTests/Info.plist;
				LD_RUNPATH_SEARCH_PATHS = (
					"$(inherited)",
					"@executable_path/Frameworks",
					"@loader_path/Frameworks",
				);
				PRODUCT_BUNDLE_IDENTIFIER = "Infotech-4425.TeleprompterTests";
				PRODUCT_NAME = "$(TARGET_NAME)";
				SWIFT_VERSION = 4.2;
				TARGETED_DEVICE_FAMILY = "1,2";
				TEST_HOST = "$(BUILT_PRODUCTS_DIR)/Teleprompter.app/Teleprompter";
			};
			name = Release;
		};
		6D0F51C92228D35F00DAE835 /* Debug */ = {
			isa = XCBuildConfiguration;
			buildSettings = {
				ALWAYS_EMBED_SWIFT_STANDARD_LIBRARIES = YES;
				CODE_SIGN_STYLE = Automatic;
				INFOPLIST_FILE = TeleprompterUITests/Info.plist;
				LD_RUNPATH_SEARCH_PATHS = (
					"$(inherited)",
					"@executable_path/Frameworks",
					"@loader_path/Frameworks",
				);
				PRODUCT_BUNDLE_IDENTIFIER = "Infotech-4425.TeleprompterUITests";
				PRODUCT_NAME = "$(TARGET_NAME)";
				SWIFT_VERSION = 4.2;
				TARGETED_DEVICE_FAMILY = "1,2";
				TEST_TARGET_NAME = Teleprompter;
			};
			name = Debug;
		};
		6D0F51CA2228D35F00DAE835 /* Release */ = {
			isa = XCBuildConfiguration;
			buildSettings = {
				ALWAYS_EMBED_SWIFT_STANDARD_LIBRARIES = YES;
				CODE_SIGN_STYLE = Automatic;
				INFOPLIST_FILE = TeleprompterUITests/Info.plist;
				LD_RUNPATH_SEARCH_PATHS = (
					"$(inherited)",
					"@executable_path/Frameworks",
					"@loader_path/Frameworks",
				);
				PRODUCT_BUNDLE_IDENTIFIER = "Infotech-4425.TeleprompterUITests";
				PRODUCT_NAME = "$(TARGET_NAME)";
				SWIFT_VERSION = 4.2;
				TARGETED_DEVICE_FAMILY = "1,2";
				TEST_TARGET_NAME = Teleprompter;
			};
			name = Release;
		};
/* End XCBuildConfiguration section */

/* Begin XCConfigurationList section */
		6D0F51952228D35800DAE835 /* Build configuration list for PBXProject "Teleprompter" */ = {
			isa = XCConfigurationList;
			buildConfigurations = (
				6D0F51C02228D35F00DAE835 /* Debug */,
				6D0F51C12228D35F00DAE835 /* Release */,
			);
			defaultConfigurationIsVisible = 0;
			defaultConfigurationName = Release;
		};
		6D0F51C22228D35F00DAE835 /* Build configuration list for PBXNativeTarget "Teleprompter" */ = {
			isa = XCConfigurationList;
			buildConfigurations = (
				6D0F51C32228D35F00DAE835 /* Debug */,
				6D0F51C42228D35F00DAE835 /* Release */,
			);
			defaultConfigurationIsVisible = 0;
			defaultConfigurationName = Release;
		};
		6D0F51C52228D35F00DAE835 /* Build configuration list for PBXNativeTarget "TeleprompterTests" */ = {
			isa = XCConfigurationList;
			buildConfigurations = (
				6D0F51C62228D35F00DAE835 /* Debug */,
				6D0F51C72228D35F00DAE835 /* Release */,
			);
			defaultConfigurationIsVisible = 0;
			defaultConfigurationName = Release;
		};
		6D0F51C82228D35F00DAE835 /* Build configuration list for PBXNativeTarget "TeleprompterUITests" */ = {
			isa = XCConfigurationList;
			buildConfigurations = (
				6D0F51C92228D35F00DAE835 /* Debug */,
				6D0F51CA2228D35F00DAE835 /* Release */,
			);
			defaultConfigurationIsVisible = 0;
			defaultConfigurationName = Release;
		};
/* End XCConfigurationList section */
	};
	rootObject = 6D0F51922228D35800DAE835 /* Project object */;
}
